// !$*UTF8*$!
{
	archiveVersion = 1;
	classes = {
	};
	objectVersion = 48;
	objects = {

/* Begin PBXBuildFile section */
		8F7F11631F5691F200239834 /* AppDelegate.swift in Sources */ = {isa = PBXBuildFile; fileRef = 8F7F11621F5691F200239834 /* AppDelegate.swift */; };
		8F7F11651F5691F200239834 /* ViewController.swift in Sources */ = {isa = PBXBuildFile; fileRef = 8F7F11641F5691F200239834 /* ViewController.swift */; };
		8F7F11681F5691F200239834 /* Main.storyboard in Resources */ = {isa = PBXBuildFile; fileRef = 8F7F11661F5691F200239834 /* Main.storyboard */; };
		8F7F116A1F5691F200239834 /* Assets.xcassets in Resources */ = {isa = PBXBuildFile; fileRef = 8F7F11691F5691F200239834 /* Assets.xcassets */; };
		8F7F116D1F5691F200239834 /* LaunchScreen.storyboard in Resources */ = {isa = PBXBuildFile; fileRef = 8F7F116B1F5691F200239834 /* LaunchScreen.storyboard */; };
		8F7F11751F56922500239834 /* MyScene.sks in Resources */ = {isa = PBXBuildFile; fileRef = 8F7F11741F56922500239834 /* MyScene.sks */; };
		8F7F11771F56923700239834 /* MyScene.swift in Sources */ = {isa = PBXBuildFile; fileRef = 8F7F11761F56923700239834 /* MyScene.swift */; };
/* End PBXBuildFile section */

/* Begin PBXFileReference section */
		8F7F115F1F5691F200239834 /* ARDemo-2D.app */ = {isa = PBXFileReference; explicitFileType = wrapper.application; includeInIndex = 0; path = "ARDemo-2D.app"; sourceTree = BUILT_PRODUCTS_DIR; };
		8F7F11621F5691F200239834 /* AppDelegate.swift */ = {isa = PBXFileReference; lastKnownFileType = sourcecode.swift; path = AppDelegate.swift; sourceTree = "<group>"; };
		8F7F11641F5691F200239834 /* ViewController.swift */ = {isa = PBXFileReference; lastKnownFileType = sourcecode.swift; path = ViewController.swift; sourceTree = "<group>"; };
		8F7F11671F5691F200239834 /* Base */ = {isa = PBXFileReference; lastKnownFileType = file.storyboard; name = Base; path = Base.lproj/Main.storyboard; sourceTree = "<group>"; };
		8F7F11691F5691F200239834 /* Assets.xcassets */ = {isa = PBXFileReference; lastKnownFileType = folder.assetcatalog; path = Assets.xcassets; sourceTree = "<group>"; };
		8F7F116C1F5691F200239834 /* Base */ = {isa = PBXFileReference; lastKnownFileType = file.storyboard; name = Base; path = Base.lproj/LaunchScreen.storyboard; sourceTree = "<group>"; };
		8F7F116E1F5691F200239834 /* Info.plist */ = {isa = PBXFileReference; lastKnownFileType = text.plist.xml; path = Info.plist; sourceTree = "<group>"; };
		8F7F11741F56922500239834 /* MyScene.sks */ = {isa = PBXFileReference; lastKnownFileType = file.sks; path = MyScene.sks; sourceTree = "<group>"; };
		8F7F11761F56923700239834 /* MyScene.swift */ = {isa = PBXFileReference; lastKnownFileType = sourcecode.swift; path = MyScene.swift; sourceTree = "<group>"; };
/* End PBXFileReference section */

/* Begin PBXFrameworksBuildPhase section */
		8F7F115C1F5691F200239834 /* Frameworks */ = {
			isa = PBXFrameworksBuildPhase;
			buildActionMask = 2147483647;
			files = (
			);
			runOnlyForDeploymentPostprocessing = 0;
		};
/* End PBXFrameworksBuildPhase section */

/* Begin PBXGroup section */
		8F7F11561F5691F200239834 = {
			isa = PBXGroup;
			children = (
				8F7F11611F5691F200239834 /* ARDemo-2D */,
				8F7F11601F5691F200239834 /* Products */,
			);
			sourceTree = "<group>";
		};
		8F7F11601F5691F200239834 /* Products */ = {
			isa = PBXGroup;
			children = (
				8F7F115F1F5691F200239834 /* ARDemo-2D.app */,
			);
			name = Products;
			sourceTree = "<group>";
		};
		8F7F11611F5691F200239834 /* ARDemo-2D */ = {
			isa = PBXGroup;
			children = (
				8F7F11621F5691F200239834 /* AppDelegate.swift */,
				8F7F11641F5691F200239834 /* ViewController.swift */,
				8F7F11741F56922500239834 /* MyScene.sks */,
				8F7F11761F56923700239834 /* MyScene.swift */,
				8F7F11661F5691F200239834 /* Main.storyboard */,
				8F7F11691F5691F200239834 /* Assets.xcassets */,
				8F7F116B1F5691F200239834 /* LaunchScreen.storyboard */,
				8F7F116E1F5691F200239834 /* Info.plist */,
			);
			path = "ARDemo-2D";
			sourceTree = "<group>";
		};
/* End PBXGroup section */

/* Begin PBXNativeTarget section */
		8F7F115E1F5691F200239834 /* ARDemo-2D */ = {
			isa = PBXNativeTarget;
			buildConfigurationList = 8F7F11711F5691F200239834 /* Build configuration list for PBXNativeTarget "ARDemo-2D" */;
			buildPhases = (
				8F7F115B1F5691F200239834 /* Sources */,
				8F7F115C1F5691F200239834 /* Frameworks */,
				8F7F115D1F5691F200239834 /* Resources */,
			);
			buildRules = (
			);
			dependencies = (
			);
			name = "ARDemo-2D";
			productName = "ARDemo-2D";
			productReference = 8F7F115F1F5691F200239834 /* ARDemo-2D.app */;
			productType = "com.apple.product-type.application";
		};
/* End PBXNativeTarget section */

/* Begin PBXProject section */
		8F7F11571F5691F200239834 /* Project object */ = {
			isa = PBXProject;
			attributes = {
				LastSwiftUpdateCheck = 0900;
				LastUpgradeCheck = 0900;
				ORGANIZATIONNAME = "Jing Luo";
				TargetAttributes = {
					8F7F115E1F5691F200239834 = {
						CreatedOnToolsVersion = 9.0;
						ProvisioningStyle = Automatic;
					};
				};
			};
			buildConfigurationList = 8F7F115A1F5691F200239834 /* Build configuration list for PBXProject "ARDemo-2D" */;
			compatibilityVersion = "Xcode 8.0";
			developmentRegion = en;
			hasScannedForEncodings = 0;
			knownRegions = (
				en,
				Base,
			);
			mainGroup = 8F7F11561F5691F200239834;
			productRefGroup = 8F7F11601F5691F200239834 /* Products */;
			projectDirPath = "";
			projectRoot = "";
			targets = (
				8F7F115E1F5691F200239834 /* ARDemo-2D */,
			);
		};
/* End PBXProject section */

/* Begin PBXResourcesBuildPhase section */
		8F7F115D1F5691F200239834 /* Resources */ = {
			isa = PBXResourcesBuildPhase;
			buildActionMask = 2147483647;
			files = (
				8F7F116D1F5691F200239834 /* LaunchScreen.storyboard in Resources */,
				8F7F116A1F5691F200239834 /* Assets.xcassets in Resources */,
				8F7F11751F56922500239834 /* MyScene.sks in Resources */,
				8F7F11681F5691F200239834 /* Main.storyboard in Resources */,
			);
			runOnlyForDeploymentPostprocessing = 0;
		};
/* End PBXResourcesBuildPhase section */

/* Begin PBXSourcesBuildPhase section */
		8F7F115B1F5691F200239834 /* Sources */ = {
			isa = PBXSourcesBuildPhase;
			buildActionMask = 2147483647;
			files = (
				8F7F11651F5691F200239834 /* ViewController.swift in Sources */,
				8F7F11631F5691F200239834 /* AppDelegate.swift in Sources */,
				8F7F11771F56923700239834 /* MyScene.swift in Sources */,
			);
			runOnlyForDeploymentPostprocessing = 0;
		};
/* End PBXSourcesBuildPhase section */

/* Begin PBXVariantGroup section */
		8F7F11661F5691F200239834 /* Main.storyboard */ = {
			isa = PBXVariantGroup;
			children = (
				8F7F11671F5691F200239834 /* Base */,
			);
			name = Main.storyboard;
			sourceTree = "<group>";
		};
		8F7F116B1F5691F200239834 /* LaunchScreen.storyboard */ = {
			isa = PBXVariantGroup;
			children = (
				8F7F116C1F5691F200239834 /* Base */,
			);
			name = LaunchScreen.storyboard;
			sourceTree = "<group>";
		};
/* End PBXVariantGroup section */

/* Begin XCBuildConfiguration section */
		8F7F116F1F5691F200239834 /* Debug */ = {
			isa = XCBuildConfiguration;
			buildSettings = {
				ALWAYS_SEARCH_USER_PATHS = NO;
				CLANG_ANALYZER_NONNULL = YES;
				CLANG_ANALYZER_NUMBER_OBJECT_CONVERSION = YES_AGGRESSIVE;
				CLANG_CXX_LANGUAGE_STANDARD = "gnu++14";
				CLANG_CXX_LIBRARY = "libc++";
				CLANG_ENABLE_MODULES = YES;
				CLANG_ENABLE_OBJC_ARC = YES;
				CLANG_WARN_BLOCK_CAPTURE_AUTORELEASING = YES;
				CLANG_WARN_BOOL_CONVERSION = YES;
				CLANG_WARN_COMMA = YES;
				CLANG_WARN_CONSTANT_CONVERSION = YES;
				CLANG_WARN_DIRECT_OBJC_ISA_USAGE = YES_ERROR;
				CLANG_WARN_DOCUMENTATION_COMMENTS = YES;
				CLANG_WARN_EMPTY_BODY = YES;
				CLANG_WARN_ENUM_CONVERSION = YES;
				CLANG_WARN_INFINITE_RECURSION = YES;
				CLANG_WARN_INT_CONVERSION = YES;
				CLANG_WARN_NON_LITERAL_NULL_CONVERSION = YES;
				CLANG_WARN_OBJC_LITERAL_CONVERSION = YES;
				CLANG_WARN_OBJC_ROOT_CLASS = YES_ERROR;
				CLANG_WARN_RANGE_LOOP_ANALYSIS = YES;
				CLANG_WARN_STRICT_PROTOTYPES = YES;
				CLANG_WARN_SUSPICIOUS_MOVE = YES;
				CLANG_WARN_UNGUARDED_AVAILABILITY = YES_AGGRESSIVE;
				CLANG_WARN_UNREACHABLE_CODE = YES;
				CLANG_WARN__DUPLICATE_METHOD_MATCH = YES;
				CODE_SIGN_IDENTITY = "iPhone Developer";
				COPY_PHASE_STRIP = NO;
				DEBUG_INFORMATION_FORMAT = dwarf;
				ENABLE_STRICT_OBJC_MSGSEND = YES;
				ENABLE_TESTABILITY = YES;
				GCC_C_LANGUAGE_STANDARD = gnu11;
				GCC_DYNAMIC_NO_PIC = NO;
				GCC_NO_COMMON_BLOCKS = YES;
				GCC_OPTIMIZATION_LEVEL = 0;
				GCC_PREPROCESSOR_DEFINITIONS = (
					"DEBUG=1",
					"$(inherited)",
				);
				GCC_WARN_64_TO_32_BIT_CONVERSION = YES;
				GCC_WARN_ABOUT_RETURN_TYPE = YES_ERROR;
				GCC_WARN_UNDECLARED_SELECTOR = YES;
				GCC_WARN_UNINITIALIZED_AUTOS = YES_AGGRESSIVE;
				GCC_WARN_UNUSED_FUNCTION = YES;
				GCC_WARN_UNUSED_VARIABLE = YES;
				IPHONEOS_DEPLOYMENT_TARGET = 11.0;
				MTL_ENABLE_DEBUG_INFO = YES;
				ONLY_ACTIVE_ARCH = YES;
				SDKROOT = iphoneos;
				SWIFT_ACTIVE_COMPILATION_CONDITIONS = DEBUG;
				SWIFT_OPTIMIZATION_LEVEL = "-Onone";
			};
			name = Debug;
		};
		8F7F11701F5691F200239834 /* Release */ = {
			isa = XCBuildConfiguration;
			buildSettings = {
				ALWAYS_SEARCH_USER_PATHS = NO;
				CLANG_ANALYZER_NONNULL = YES;
				CLANG_ANALYZER_NUMBER_OBJECT_CONVERSION = YES_AGGRESSIVE;
				CLANG_CXX_LANGUAGE_STANDARD = "gnu++14";
				CLANG_CXX_LIBRARY = "libc++";
				CLANG_ENABLE_MODULES = YES;
				CLANG_ENABLE_OBJC_ARC = YES;
				CLANG_WARN_BLOCK_CAPTURE_AUTORELEASING = YES;
				CLANG_WARN_BOOL_CONVERSION = YES;
				CLANG_WARN_COMMA = YES;
				CLANG_WARN_CONSTANT_CONVERSION = YES;
				CLANG_WARN_DIRECT_OBJC_ISA_USAGE = YES_ERROR;
				CLANG_WARN_DOCUMENTATION_COMMENTS = YES;
				CLANG_WARN_EMPTY_BODY = YES;
				CLANG_WARN_ENUM_CONVERSION = YES;
				CLANG_WARN_INFINITE_RECURSION = YES;
				CLANG_WARN_INT_CONVERSION = YES;
				CLANG_WARN_NON_LITERAL_NULL_CONVERSION = YES;
				CLANG_WARN_OBJC_LITERAL_CONVERSION = YES;
				CLANG_WARN_OBJC_ROOT_CLASS = YES_ERROR;
				CLANG_WARN_RANGE_LOOP_ANALYSIS = YES;
				CLANG_WARN_STRICT_PROTOTYPES = YES;
				CLANG_WARN_SUSPICIOUS_MOVE = YES;
				CLANG_WARN_UNGUARDED_AVAILABILITY = YES_AGGRESSIVE;
				CLANG_WARN_UNREACHABLE_CODE = YES;
				CLANG_WARN__DUPLICATE_METHOD_MATCH = YES;
				CODE_SIGN_IDENTITY = "iPhone Developer";
				COPY_PHASE_STRIP = NO;
				DEBUG_INFORMATION_FORMAT = "dwarf-with-dsym";
				ENABLE_NS_ASSERTIONS = NO;
				ENABLE_STRICT_OBJC_MSGSEND = YES;
				GCC_C_LANGUAGE_STANDARD = gnu11;
				GCC_NO_COMMON_BLOCKS = YES;
				GCC_WARN_64_TO_32_BIT_CONVERSION = YES;
				GCC_WARN_ABOUT_RETURN_TYPE = YES_ERROR;
				GCC_WARN_UNDECLARED_SELECTOR = YES;
				GCC_WARN_UNINITIALIZED_AUTOS = YES_AGGRESSIVE;
				GCC_WARN_UNUSED_FUNCTION = YES;
				GCC_WARN_UNUSED_VARIABLE = YES;
				IPHONEOS_DEPLOYMENT_TARGET = 11.0;
				MTL_ENABLE_DEBUG_INFO = NO;
				SDKROOT = iphoneos;
				SWIFT_OPTIMIZATION_LEVEL = "-Owholemodule";
				VALIDATE_PRODUCT = YES;
			};
			name = Release;
		};
		8F7F11721F5691F200239834 /* Debug */ = {
			isa = XCBuildConfiguration;
			buildSettings = {
				ASSETCATALOG_COMPILER_APPICON_NAME = AppIcon;
				CODE_SIGN_STYLE = Automatic;
				DEVELOPMENT_TEAM = 98P3G87Q6Y;
				INFOPLIST_FILE = "ARDemo-2D/Info.plist";
				LD_RUNPATH_SEARCH_PATHS = "$(inherited) @executable_path/Frameworks";
				PRODUCT_BUNDLE_IDENTIFIER = "Jing.ARDemo-2D";
				PRODUCT_NAME = "$(TARGET_NAME)";
				SWIFT_VERSION = 4.0;
				TARGETED_DEVICE_FAMILY = "1,2";
			};
			name = Debug;
		};
		8F7F11731F5691F200239834 /* Release */ = {
			isa = XCBuildConfiguration;
			buildSettings = {
				ASSETCATALOG_COMPILER_APPICON_NAME = AppIcon;
				CODE_SIGN_STYLE = Automatic;
				DEVELOPMENT_TEAM = 98P3G87Q6Y;
				INFOPLIST_FILE = "ARDemo-2D/Info.plist";
				LD_RUNPATH_SEARCH_PATHS = "$(inherited) @executable_path/Frameworks";
				PRODUCT_BUNDLE_IDENTIFIER = "Jing.ARDemo-2D";
				PRODUCT_NAME = "$(TARGET_NAME)";
				SWIFT_VERSION = 4.0;
				TARGETED_DEVICE_FAMILY = "1,2";
			};
			name = Release;
		};
/* End XCBuildConfiguration section */

/* Begin XCConfigurationList section */
		8F7F115A1F5691F200239834 /* Build configuration list for PBXProject "ARDemo-2D" */ = {
			isa = XCConfigurationList;
			buildConfigurations = (
				8F7F116F1F5691F200239834 /* Debug */,
				8F7F11701F5691F200239834 /* Release */,
			);
			defaultConfigurationIsVisible = 0;
			defaultConfigurationName = Release;
		};
		8F7F11711F5691F200239834 /* Build configuration list for PBXNativeTarget "ARDemo-2D" */ = {
			isa = XCConfigurationList;
			buildConfigurations = (
				8F7F11721F5691F200239834 /* Debug */,
				8F7F11731F5691F200239834 /* Release */,
			);
			defaultConfigurationIsVisible = 0;
			defaultConfigurationName = Release;
		};
/* End XCConfigurationList section */
	};
	rootObject = 8F7F11571F5691F200239834 /* Project object */;
}
